<?xml version="1.0" encoding="utf-8"?>
<Project ToolsVersion="4.0" xmlns="http://schemas.microsoft.com/developer/msbuild/2003">
  <ItemGroup>
    <Filter Include="ソース ファイル">
      <UniqueIdentifier>{4FC737F1-C7A5-4376-A066-2A32D752A2FF}</UniqueIdentifier>
      <Extensions>cpp;c;cc;cxx;def;odl;idl;hpj;bat;asm;asmx</Extensions>
    </Filter>
    <Filter Include="ソース ファイル\Character">
      <UniqueIdentifier>{72debf50-9646-4186-80a0-951072c29999}</UniqueIdentifier>
    </Filter>
    <Filter Include="ソース ファイル\Collider">
      <UniqueIdentifier>{87aa1e71-3b0d-4bbb-a1bf-7c214a8ac584}</UniqueIdentifier>
    </Filter>
    <Filter Include="ソース ファイル\Model">
      <UniqueIdentifier>{a9e7af69-90a7-440c-b3ea-28d6313d2c27}</UniqueIdentifier>
    </Filter>
    <Filter Include="ソース ファイル\Math">
      <UniqueIdentifier>{e3e4a3ec-c611-4226-abac-9a41b3859468}</UniqueIdentifier>
    </Filter>
    <Filter Include="ソース ファイル\Task">
      <UniqueIdentifier>{453161b1-eb5b-40dc-a61f-fb4c9e91356b}</UniqueIdentifier>
    </Filter>
    <Filter Include="ソース ファイル\Lib">
      <UniqueIdentifier>{71337753-7d4e-4fb3-a565-77caf26ac0fb}</UniqueIdentifier>
    </Filter>
    <Filter Include="ソース ファイル\Model\Model">
      <UniqueIdentifier>{3f14dbc2-2741-4332-a163-890dce4fa095}</UniqueIdentifier>
    </Filter>
    <Filter Include="ソース ファイル\Model\Material">
      <UniqueIdentifier>{e48e0a88-6b1b-449c-a790-f1db9ef4a48c}</UniqueIdentifier>
    </Filter>
    <Filter Include="ソース ファイル\Model\Triangle">
      <UniqueIdentifier>{20883438-a16d-4186-9030-fdc2ef05d2c9}</UniqueIdentifier>
    </Filter>
    <Filter Include="ソース ファイル\Model\Transform">
      <UniqueIdentifier>{1e1001e8-04db-4929-a0fe-f3c347f0235d}</UniqueIdentifier>
    </Filter>
    <Filter Include="ソース ファイル\Task\TaskManager">
      <UniqueIdentifier>{6c4afb76-a79b-4be6-a3c2-c825c75dd523}</UniqueIdentifier>
    </Filter>
    <Filter Include="ソース ファイル\Collider\Line">
      <UniqueIdentifier>{863a41ce-79a5-4e5b-aa8b-352f9fb7f98c}</UniqueIdentifier>
    </Filter>
    <Filter Include="ソース ファイル\Collider\Collider">
      <UniqueIdentifier>{446f573a-7599-4321-8d3b-5efb701ef257}</UniqueIdentifier>
    </Filter>
    <Filter Include="ソース ファイル\Collider\Mesh">
      <UniqueIdentifier>{f46aec89-63ea-4571-9fc1-83d5f7c040e9}</UniqueIdentifier>
    </Filter>
    <Filter Include="ソース ファイル\Collider\Triangle">
      <UniqueIdentifier>{43b10662-5419-46ea-8195-1b1003ac8ea8}</UniqueIdentifier>
    </Filter>
    <Filter Include="ソース ファイル\Collider\CollisionManager">
      <UniqueIdentifier>{f54f725b-6549-4c1b-9912-eb5b9c00dbd7}</UniqueIdentifier>
    </Filter>
    <Filter Include="ソース ファイル\Lib\Application">
      <UniqueIdentifier>{accfc66a-cb07-4cbb-bebc-058a4905783c}</UniqueIdentifier>
    </Filter>
    <Filter Include="ソース ファイル\Lib\Camera">
      <UniqueIdentifier>{cf880623-4244-4d03-aaef-d748ab6bc50f}</UniqueIdentifier>
    </Filter>
    <Filter Include="ソース ファイル\Lib\Camera\ActionCamera">
      <UniqueIdentifier>{8c689a2d-334e-495d-87d4-c11bd4fc4df9}</UniqueIdentifier>
    </Filter>
    <Filter Include="ソース ファイル\Lib\Camera\2DCamera">
      <UniqueIdentifier>{fa4122f3-5716-4ba0-afe7-c752588a2d09}</UniqueIdentifier>
    </Filter>
    <Filter Include="ソース ファイル\Lib\Input">
      <UniqueIdentifier>{1dbe6ebe-7342-4bb5-84bb-72f8d68a7c1c}</UniqueIdentifier>
    </Filter>
    <Filter Include="ソース ファイル\Lib\Sound">
      <UniqueIdentifier>{805731c8-ee6e-4af4-b6c8-b3b9f3a5c054}</UniqueIdentifier>
    </Filter>
    <Filter Include="ソース ファイル\Lib\Texture">
      <UniqueIdentifier>{7bf819e0-bf09-4d50-89da-5962d31fe3ab}</UniqueIdentifier>
    </Filter>
    <Filter Include="ソース ファイル\Math\Matrix">
      <UniqueIdentifier>{f6722eb4-bcff-4ad4-bf8d-cb8cfe2f088a}</UniqueIdentifier>
    </Filter>
    <Filter Include="ソース ファイル\Math\Shader">
      <UniqueIdentifier>{d5a0feee-8d0c-40db-9f52-d26f04a45ab8}</UniqueIdentifier>
    </Filter>
    <Filter Include="ソース ファイル\Math\Shader\Shader">
      <UniqueIdentifier>{b55f97e6-006b-4fc9-832d-fcd992a68830}</UniqueIdentifier>
    </Filter>
    <Filter Include="ソース ファイル\Math\Shader\MyShader">
      <UniqueIdentifier>{347959a5-59e5-4b2a-92cd-4cef7d99eea3}</UniqueIdentifier>
    </Filter>
    <Filter Include="ソース ファイル\Math\Vector">
      <UniqueIdentifier>{3a4000b1-0a12-4e90-bd5a-92fca0b1b89a}</UniqueIdentifier>
    </Filter>
    <Filter Include="ソース ファイル\Lib\Texture\BillBoard">
      <UniqueIdentifier>{b09c8520-f3aa-4be5-ae1d-e220c3181597}</UniqueIdentifier>
    </Filter>
    <Filter Include="ソース ファイル\Lib\Texture\Effect">
      <UniqueIdentifier>{9dd55c05-9175-4257-9d94-51aa88199f08}</UniqueIdentifier>
    </Filter>
    <Filter Include="ソース ファイル\Lib\Texture\Font">
      <UniqueIdentifier>{6e6a09de-fd2b-4fc6-aa52-4aca84238685}</UniqueIdentifier>
    </Filter>
    <Filter Include="ソース ファイル\Lib\Texture\UI">
      <UniqueIdentifier>{8b6ca154-e90e-4b83-a42d-672ad0f17d2a}</UniqueIdentifier>
    </Filter>
    <Filter Include="ソース ファイル\Lib\Texture\Texture">
      <UniqueIdentifier>{d1212a7e-5f3a-46c1-b255-ebe5e23cdd84}</UniqueIdentifier>
    </Filter>
    <Filter Include="ソース ファイル\Character\CXファイル">
      <UniqueIdentifier>{b19c96c4-c006-41f6-a167-e86523f0ee5f}</UniqueIdentifier>
    </Filter>
    <Filter Include="ソース ファイル\Character\CXファイル\Player">
      <UniqueIdentifier>{f985167d-58ad-458c-a63a-40c04971f54e}</UniqueIdentifier>
    </Filter>
    <Filter Include="ソース ファイル\Character\CXファイル\Enemy">
      <UniqueIdentifier>{11d29856-f369-40e8-a31c-0d6a24336028}</UniqueIdentifier>
    </Filter>
    <Filter Include="ソース ファイル\Character\CXファイル\CXCharacter">
      <UniqueIdentifier>{a4180a24-d35a-48c9-bc03-f8249ad4b22e}</UniqueIdentifier>
    </Filter>
    <Filter Include="ソース ファイル\Character\CXファイル\CXModel">
      <UniqueIdentifier>{17cf547b-71ec-496f-ac6b-e1b4aad87166}</UniqueIdentifier>
    </Filter>
    <Filter Include="ソース ファイル\Character\CCharacter">
      <UniqueIdentifier>{15ca46ed-5e50-47c0-bd70-5275092b3de2}</UniqueIdentifier>
    </Filter>
  </ItemGroup>
  <ItemGroup>
    <ClCompile Include="src\main.cpp">
      <Filter>ソース ファイル</Filter>
    </ClCompile>
    <ClCompile Include="src\CXPlayer.cpp">
      <Filter>ソース ファイル\Character\CXファイル\Player</Filter>
    </ClCompile>
    <ClCompile Include="src\CXEnemy.cpp">
      <Filter>ソース ファイル\Character\CXファイル\Enemy</Filter>
    </ClCompile>
    <ClCompile Include="src\CPaladin.cpp">
      <Filter>ソース ファイル\Character\CXファイル\Enemy</Filter>
    </ClCompile>
    <ClCompile Include="src\CXCharacter.cpp">
      <Filter>ソース ファイル\Character\CXファイル\CXCharacter</Filter>
    </ClCompile>
    <ClCompile Include="src\CModelX.cpp">
      <Filter>ソース ファイル\Character\CXファイル\CXModel</Filter>
    </ClCompile>
    <ClCompile Include="src\CModel.cpp">
      <Filter>ソース ファイル\Model\Model</Filter>
    </ClCompile>
    <ClCompile Include="src\CMaterial.cpp">
      <Filter>ソース ファイル\Model\Material</Filter>
    </ClCompile>
    <ClCompile Include="src\CTriangle.cpp">
      <Filter>ソース ファイル\Model\Triangle</Filter>
    </ClCompile>
    <ClCompile Include="src\CTransform.cpp">
      <Filter>ソース ファイル\Model\Transform</Filter>
    </ClCompile>
    <ClCompile Include="src\CTaskManager.cpp">
      <Filter>ソース ファイル\Task\TaskManager</Filter>
    </ClCompile>
    <ClCompile Include="src\CColliderLine.cpp">
      <Filter>ソース ファイル\Collider\Line</Filter>
    </ClCompile>
    <ClCompile Include="src\CCollider.cpp">
      <Filter>ソース ファイル\Collider\Collider</Filter>
    </ClCompile>
    <ClCompile Include="src\CColliderMesh.cpp">
      <Filter>ソース ファイル\Collider\Mesh</Filter>
    </ClCompile>
    <ClCompile Include="src\CColliderTriangle.cpp">
      <Filter>ソース ファイル\Collider\Triangle</Filter>
    </ClCompile>
    <ClCompile Include="src\CCollisionManager.cpp">
      <Filter>ソース ファイル\Collider\CollisionManager</Filter>
    </ClCompile>
    <ClCompile Include="src\CActionCamera.cpp">
      <Filter>ソース ファイル\Lib\Camera\ActionCamera</Filter>
    </ClCompile>
    <ClCompile Include="src\CApplication.cpp">
      <Filter>ソース ファイル\Lib\Application</Filter>
    </ClCompile>
    <ClCompile Include="src\CCamera.cpp">
      <Filter>ソース ファイル\Lib\Camera\2DCamera</Filter>
    </ClCompile>
    <ClCompile Include="src\CInput.cpp">
      <Filter>ソース ファイル\Lib\Input</Filter>
    </ClCompile>
    <ClCompile Include="src\CSound.cpp">
      <Filter>ソース ファイル\Lib\Sound</Filter>
    </ClCompile>
    <ClCompile Include="src\CMatrix.cpp">
      <Filter>ソース ファイル\Math\Matrix</Filter>
    </ClCompile>
    <ClCompile Include="src\CShader.cpp">
      <Filter>ソース ファイル\Math\Shader\Shader</Filter>
    </ClCompile>
    <ClCompile Include="src\CMyShader.cpp">
      <Filter>ソース ファイル\Math\Shader\MyShader</Filter>
    </ClCompile>
    <ClCompile Include="src\CVector.cpp">
      <Filter>ソース ファイル\Math\Vector</Filter>
    </ClCompile>
    <ClCompile Include="src\CBillBoard.cpp">
      <Filter>ソース ファイル\Lib\Texture\BillBoard</Filter>
    </ClCompile>
    <ClCompile Include="src\CEffect.cpp">
      <Filter>ソース ファイル\Lib\Texture\Effect</Filter>
    </ClCompile>
    <ClCompile Include="src\CFont.cpp">
      <Filter>ソース ファイル\Lib\Texture\Font</Filter>
    </ClCompile>
    <ClCompile Include="src\CUi.cpp">
      <Filter>ソース ファイル\Lib\Texture\UI</Filter>
    </ClCompile>
    <ClCompile Include="src\CTexture.cpp">
      <Filter>ソース ファイル\Lib\Texture\Texture</Filter>
    </ClCompile>
    <ClCompile Include="src\CCharacter.cpp">
      <Filter>ソース ファイル\Character\CCharacter</Filter>
    </ClCompile>
  </ItemGroup>
  <ItemGroup>
    <ClInclude Include="src\main.h">
      <Filter>ソース ファイル</Filter>
    </ClInclude>
    <ClInclude Include="src\CVertex.h">
      <Filter>ソース ファイル\Model</Filter>
    </ClInclude>
    <ClInclude Include="src\CTask.h">
      <Filter>ソース ファイル\Task</Filter>
    </ClInclude>
    <ClInclude Include="src\CXPlayer.h">
      <Filter>ソース ファイル\Character\CXファイル\Player</Filter>
    </ClInclude>
    <ClInclude Include="src\CXEnemy.h">
      <Filter>ソース ファイル\Character\CXファイル\Enemy</Filter>
    </ClInclude>
    <ClInclude Include="src\CPaladin.h">
      <Filter>ソース ファイル\Character\CXファイル\Enemy</Filter>
    </ClInclude>
    <ClInclude Include="src\CXCharacter.h">
      <Filter>ソース ファイル\Character\CXファイル\CXCharacter</Filter>
    </ClInclude>
    <ClInclude Include="src\CModelX.h">
      <Filter>ソース ファイル\Character\CXファイル\CXModel</Filter>
    </ClInclude>
    <ClInclude Include="src\CModel.h">
      <Filter>ソース ファイル\Model\Model</Filter>
    </ClInclude>
    <ClInclude Include="src\CMaterial.h">
      <Filter>ソース ファイル\Model\Material</Filter>
    </ClInclude>
    <ClInclude Include="src\CTriangle.h">
      <Filter>ソース ファイル\Model\Triangle</Filter>
    </ClInclude>
    <ClInclude Include="src\CTransform.h">
      <Filter>ソース ファイル\Model\Transform</Filter>
    </ClInclude>
    <ClInclude Include="src\CTaskManager.h">
      <Filter>ソース ファイル\Task\TaskManager</Filter>
    </ClInclude>
    <ClInclude Include="src\CColliderLine.h">
      <Filter>ソース ファイル\Collider\Line</Filter>
    </ClInclude>
    <ClInclude Include="src\CCollider.h">
      <Filter>ソース ファイル\Collider\Collider</Filter>
    </ClInclude>
    <ClInclude Include="src\CColliderMesh.h">
      <Filter>ソース ファイル\Collider\Mesh</Filter>
    </ClInclude>
    <ClInclude Include="src\CColliderTriangle.h">
      <Filter>ソース ファイル\Collider\Triangle</Filter>
    </ClInclude>
    <ClInclude Include="src\CCollisionManager.h">
      <Filter>ソース ファイル\Collider\CollisionManager</Filter>
    </ClInclude>
    <ClInclude Include="src\CActionCamera.h">
      <Filter>ソース ファイル\Lib\Camera\ActionCamera</Filter>
    </ClInclude>
    <ClInclude Include="src\CApplication.h">
      <Filter>ソース ファイル\Lib\Application</Filter>
    </ClInclude>
    <ClInclude Include="src\CCamera.h">
      <Filter>ソース ファイル\Lib\Camera\2DCamera</Filter>
    </ClInclude>
    <ClInclude Include="src\CInput.h">
      <Filter>ソース ファイル\Lib\Input</Filter>
    </ClInclude>
    <ClInclude Include="src\CSound.h">
      <Filter>ソース ファイル\Lib\Sound</Filter>
    </ClInclude>
    <ClInclude Include="src\CMatrix.h">
      <Filter>ソース ファイル\Math\Matrix</Filter>
    </ClInclude>
    <ClInclude Include="src\CShader.h">
      <Filter>ソース ファイル\Math\Shader\Shader</Filter>
    </ClInclude>
    <ClInclude Include="src\CMyShader.h">
      <Filter>ソース ファイル\Math\Shader\MyShader</Filter>
    </ClInclude>
    <ClInclude Include="src\CVector.h">
      <Filter>ソース ファイル\Math\Vector</Filter>
    </ClInclude>
    <ClInclude Include="src\CBillBoard.h">
      <Filter>ソース ファイル\Lib\Texture\BillBoard</Filter>
    </ClInclude>
    <ClInclude Include="src\CEffect.h">
      <Filter>ソース ファイル\Lib\Texture\Effect</Filter>
    </ClInclude>
    <ClInclude Include="src\CFont.h">
      <Filter>ソース ファイル\Lib\Texture\Font</Filter>
    </ClInclude>
    <ClInclude Include="src\CUi.h">
      <Filter>ソース ファイル\Lib\Texture\UI</Filter>
    </ClInclude>
    <ClInclude Include="src\CTexture.h">
      <Filter>ソース ファイル\Lib\Texture\Texture</Filter>
    </ClInclude>
    <ClInclude Include="src\CCharacter.h">
      <Filter>ソース ファイル\Character\CCharacter</Filter>
    </ClInclude>
  </ItemGroup>
</Project>